
Microsoft Visual Studio Solution File, Format Version 12.00
# Visual Studio Version 16
VisualStudioVersion = 16.0.29519.181
MinimumVisualStudioVersion = 10.0.40219.1
Project("{9A19103F-16F7-4668-BE54-9A1E7A4F7556}") = "ContaDiego", "ContaDiego\ContaDiego.csproj", "{8FE88537-4585-465E-974D-DD584AFDEC57}"
EndProject
Global
	GlobalSection(SolutionConfigurationPlatforms) = preSolution
		Debug|Any CPU = Debug|Any CPU
		Release|Any CPU = Release|Any CPU
	EndGlobalSection
	GlobalSection(ProjectConfigurationPlatforms) = postSolution
		{8FE88537-4585-465E-974D-DD584AFDEC57}.Debug|Any CPU.ActiveCfg = Debug|Any CPU
		{8FE88537-4585-465E-974D-DD584AFDEC57}.Debug|Any CPU.Build.0 = Debug|Any CPU
		{8FE88537-4585-465E-974D-DD584AFDEC57}.Release|Any CPU.ActiveCfg = Release|Any CPU
		{8FE88537-4585-465E-974D-DD584AFDEC57}.Release|Any CPU.Build.0 = Release|Any CPU
	EndGlobalSection
	GlobalSection(SolutionProperties) = preSolution
		HideSolutionNode = FALSE
	EndGlobalSection
	GlobalSection(ExtensibilityGlobals) = postSolution
		SolutionGuid = {1BD4F095-263E-4437-8AA6-99906A13016F}
	EndGlobalSection
EndGlobal
