
Microsoft Visual Studio Solution File, Format Version 12.00
# Visual Studio Version 16
VisualStudioVersion = 16.0.29519.181
MinimumVisualStudioVersion = 10.0.40219.1
Project("{9A19103F-16F7-4668-BE54-9A1E7A4F7556}") = "ContaDiego", "ContaDiego\ContaDiego.csproj", "{8FE88537-4585-465E-974D-DD584AFDEC57}"
EndProject
Project("{FAE04EC0-301F-11D3-BF4B-00C04F79EFBC}") = "Movimentação", "Movimentação\Movimentação.csproj", "{FBEE9C38-7E14-4E2C-B899-A6D306FD4517}"
EndProject
Project("{2150E333-8FDC-42A3-9474-1A3956D46DE8}") = "Solution Items", "Solution Items", "{D87F3D8F-02CB-46E8-9815-7124832F8F98}"
	ProjectSection(SolutionItems) = preProject
		..\..\..\Documents\Projetos HTML\CONTASDIEGO.FDB = ..\..\..\Documents\Projetos HTML\CONTASDIEGO.FDB
	EndProjectSection
EndProject
Global
	GlobalSection(SolutionConfigurationPlatforms) = preSolution
		Debug|Any CPU = Debug|Any CPU
		Debug|x64 = Debug|x64
		Release|Any CPU = Release|Any CPU
		Release|x64 = Release|x64
	EndGlobalSection
	GlobalSection(ProjectConfigurationPlatforms) = postSolution
		{8FE88537-4585-465E-974D-DD584AFDEC57}.Debug|Any CPU.ActiveCfg = Release|Any CPU
		{8FE88537-4585-465E-974D-DD584AFDEC57}.Debug|Any CPU.Build.0 = Release|Any CPU
		{8FE88537-4585-465E-974D-DD584AFDEC57}.Debug|x64.ActiveCfg = Debug|x64
		{8FE88537-4585-465E-974D-DD584AFDEC57}.Debug|x64.Build.0 = Debug|x64
		{8FE88537-4585-465E-974D-DD584AFDEC57}.Release|Any CPU.ActiveCfg = Release|Any CPU
		{8FE88537-4585-465E-974D-DD584AFDEC57}.Release|Any CPU.Build.0 = Release|Any CPU
		{8FE88537-4585-465E-974D-DD584AFDEC57}.Release|x64.ActiveCfg = Release|x64
		{8FE88537-4585-465E-974D-DD584AFDEC57}.Release|x64.Build.0 = Release|x64
		{FBEE9C38-7E14-4E2C-B899-A6D306FD4517}.Debug|Any CPU.ActiveCfg = Debug|Any CPU
		{FBEE9C38-7E14-4E2C-B899-A6D306FD4517}.Debug|Any CPU.Build.0 = Debug|Any CPU
		{FBEE9C38-7E14-4E2C-B899-A6D306FD4517}.Debug|x64.ActiveCfg = Debug|Any CPU
		{FBEE9C38-7E14-4E2C-B899-A6D306FD4517}.Debug|x64.Build.0 = Debug|Any CPU
		{FBEE9C38-7E14-4E2C-B899-A6D306FD4517}.Release|Any CPU.ActiveCfg = Release|Any CPU
		{FBEE9C38-7E14-4E2C-B899-A6D306FD4517}.Release|Any CPU.Build.0 = Release|Any CPU
		{FBEE9C38-7E14-4E2C-B899-A6D306FD4517}.Release|x64.ActiveCfg = Release|Any CPU
		{FBEE9C38-7E14-4E2C-B899-A6D306FD4517}.Release|x64.Build.0 = Release|Any CPU
	EndGlobalSection
	GlobalSection(SolutionProperties) = preSolution
		HideSolutionNode = FALSE
	EndGlobalSection
	GlobalSection(ExtensibilityGlobals) = postSolution
		SolutionGuid = {1BD4F095-263E-4437-8AA6-99906A13016F}
	EndGlobalSection
EndGlobal
